// !$*UTF8*$!
{
	archiveVersion = 1;
	classes = {
	};
	objectVersion = 56;
	objects = {

/* Begin PBXBuildFile section */
		330D3F982C3ADF0C005CC4B0 /* MVVM_CleanArchitectureApp.swift in Sources */ = {isa = PBXBuildFile; fileRef = 330D3F972C3ADF0C005CC4B0 /* MVVM_CleanArchitectureApp.swift */; };
		330D3F9A2C3ADF0C005CC4B0 /* ContentView.swift in Sources */ = {isa = PBXBuildFile; fileRef = 330D3F992C3ADF0C005CC4B0 /* ContentView.swift */; };
		330D3F9C2C3ADF0E005CC4B0 /* Assets.xcassets in Resources */ = {isa = PBXBuildFile; fileRef = 330D3F9B2C3ADF0E005CC4B0 /* Assets.xcassets */; };
		330D3F9F2C3ADF0E005CC4B0 /* Preview Assets.xcassets in Resources */ = {isa = PBXBuildFile; fileRef = 330D3F9E2C3ADF0E005CC4B0 /* Preview Assets.xcassets */; };
		330D3FA92C3ADF0E005CC4B0 /* MVVM_CleanArchitectureTests.swift in Sources */ = {isa = PBXBuildFile; fileRef = 330D3FA82C3ADF0E005CC4B0 /* MVVM_CleanArchitectureTests.swift */; };
		330D3FB32C3ADF0E005CC4B0 /* MVVM_CleanArchitectureUITests.swift in Sources */ = {isa = PBXBuildFile; fileRef = 330D3FB22C3ADF0E005CC4B0 /* MVVM_CleanArchitectureUITests.swift */; };
		330D3FB52C3ADF0E005CC4B0 /* MVVM_CleanArchitectureUITestsLaunchTests.swift in Sources */ = {isa = PBXBuildFile; fileRef = 330D3FB42C3ADF0E005CC4B0 /* MVVM_CleanArchitectureUITestsLaunchTests.swift */; };
		330D3FC62C3ADF29005CC4B0 /* UserRepository.swift in Sources */ = {isa = PBXBuildFile; fileRef = 330D3FC32C3ADF29005CC4B0 /* UserRepository.swift */; };
		330D3FC72C3ADF29005CC4B0 /* User.swift in Sources */ = {isa = PBXBuildFile; fileRef = 330D3FC52C3ADF29005CC4B0 /* User.swift */; };
		330D3FCE2C3ADF31005CC4B0 /* APIService.swift in Sources */ = {isa = PBXBuildFile; fileRef = 330D3FCA2C3ADF31005CC4B0 /* APIService.swift */; };
		330D3FCF2C3ADF31005CC4B0 /* APIConfig.swift in Sources */ = {isa = PBXBuildFile; fileRef = 330D3FCB2C3ADF31005CC4B0 /* APIConfig.swift */; };
		330D3FD02C3ADF31005CC4B0 /* UserRepositoryImpl.swift in Sources */ = {isa = PBXBuildFile; fileRef = 330D3FCD2C3ADF31005CC4B0 /* UserRepositoryImpl.swift */; };
		330D3FD62C3ADF38005CC4B0 /* UserViewModel.swift in Sources */ = {isa = PBXBuildFile; fileRef = 330D3FD32C3ADF38005CC4B0 /* UserViewModel.swift */; };
		330D3FD72C3ADF38005CC4B0 /* UserView.swift in Sources */ = {isa = PBXBuildFile; fileRef = 330D3FD52C3ADF38005CC4B0 /* UserView.swift */; };
		330D3FDD2C3ADF8A005CC4B0 /* Alamofire in Frameworks */ = {isa = PBXBuildFile; productRef = 330D3FDC2C3ADF8A005CC4B0 /* Alamofire */; };
		330D3FDF2C3ADF8A005CC4B0 /* AlamofireDynamic in Frameworks */ = {isa = PBXBuildFile; productRef = 330D3FDE2C3ADF8A005CC4B0 /* AlamofireDynamic */; };
		330D3FE22C3D3774005CC4B0 /* FetchUsersUseCase.swift in Sources */ = {isa = PBXBuildFile; fileRef = 330D3FE12C3D3774005CC4B0 /* FetchUsersUseCase.swift */; };
		330D3FE52C3ED2D8005CC4B0 /* UserFetchDelegate.swift in Sources */ = {isa = PBXBuildFile; fileRef = 330D3FE42C3ED2D8005CC4B0 /* UserFetchDelegate.swift */; };
		330D3FE72C3ED365005CC4B0 /* UserDetailView.swift in Sources */ = {isa = PBXBuildFile; fileRef = 330D3FE62C3ED365005CC4B0 /* UserDetailView.swift */; };
		330D3FEA2C3ED45C005CC4B0 /* UserCoordinator.swift in Sources */ = {isa = PBXBuildFile; fileRef = 330D3FE92C3ED45C005CC4B0 /* UserCoordinator.swift */; };
		330D402D2C4F3574005CC4B0 /* UserViewModelTests.swift in Sources */ = {isa = PBXBuildFile; fileRef = 330D402C2C4F3574005CC4B0 /* UserViewModelTests.swift */; };
		330D40302C4F35D0005CC4B0 /* MockUserFetchDelegate.swift in Sources */ = {isa = PBXBuildFile; fileRef = 330D402F2C4F35D0005CC4B0 /* MockUserFetchDelegate.swift */; };
		330D40312C4F3659005CC4B0 /* MockUserRepository.swift in Sources */ = {isa = PBXBuildFile; fileRef = 330D40282C4F34AF005CC4B0 /* MockUserRepository.swift */; };
		330D40322C4F365E005CC4B0 /* MockFetchUsersUseCase.swift in Sources */ = {isa = PBXBuildFile; fileRef = 330D402A2C4F34DF005CC4B0 /* MockFetchUsersUseCase.swift */; };
		33B19FA12C5DBCF600E69827 /* MyDataModel.xcdatamodeld in Sources */ = {isa = PBXBuildFile; fileRef = 33B19F9F2C5DBCF600E69827 /* MyDataModel.xcdatamodeld */; };
		33B19FA32C5DBD3A00E69827 /* CoreDataStack.swift in Sources */ = {isa = PBXBuildFile; fileRef = 33B19FA22C5DBD3A00E69827 /* CoreDataStack.swift */; };
		33B19FB42C5E1F0500E69827 /* UserDataEntity+CoreDataClass.swift in Sources */ = {isa = PBXBuildFile; fileRef = 33B19FB22C5E1F0500E69827 /* UserDataEntity+CoreDataClass.swift */; };
		33B19FB52C5E1F0500E69827 /* UserDataEntity+CoreDataProperties.swift in Sources */ = {isa = PBXBuildFile; fileRef = 33B19FB32C5E1F0500E69827 /* UserDataEntity+CoreDataProperties.swift */; };
		33B19FB72C5E1F9000E69827 /* CoreDataUserRepository.swift in Sources */ = {isa = PBXBuildFile; fileRef = 33B19FB62C5E1F9000E69827 /* CoreDataUserRepository.swift */; };
/* End PBXBuildFile section */

/* Begin PBXContainerItemProxy section */
		330D3FA52C3ADF0E005CC4B0 /* PBXContainerItemProxy */ = {
			isa = PBXContainerItemProxy;
			containerPortal = 330D3F8C2C3ADF0B005CC4B0 /* Project object */;
			proxyType = 1;
			remoteGlobalIDString = 330D3F932C3ADF0C005CC4B0;
			remoteInfo = "MVVM+CleanArchitecture";
		};
		330D3FAF2C3ADF0E005CC4B0 /* PBXContainerItemProxy */ = {
			isa = PBXContainerItemProxy;
			containerPortal = 330D3F8C2C3ADF0B005CC4B0 /* Project object */;
			proxyType = 1;
			remoteGlobalIDString = 330D3F932C3ADF0C005CC4B0;
			remoteInfo = "MVVM+CleanArchitecture";
		};
/* End PBXContainerItemProxy section */

/* Begin PBXFileReference section */
		330D3F942C3ADF0C005CC4B0 /* MVVM+CleanArchitecture.app */ = {isa = PBXFileReference; explicitFileType = wrapper.application; includeInIndex = 0; path = "MVVM+CleanArchitecture.app"; sourceTree = BUILT_PRODUCTS_DIR; };
		330D3F972C3ADF0C005CC4B0 /* MVVM_CleanArchitectureApp.swift */ = {isa = PBXFileReference; lastKnownFileType = sourcecode.swift; path = MVVM_CleanArchitectureApp.swift; sourceTree = "<group>"; };
		330D3F992C3ADF0C005CC4B0 /* ContentView.swift */ = {isa = PBXFileReference; lastKnownFileType = sourcecode.swift; path = ContentView.swift; sourceTree = "<group>"; };
		330D3F9B2C3ADF0E005CC4B0 /* Assets.xcassets */ = {isa = PBXFileReference; lastKnownFileType = folder.assetcatalog; path = Assets.xcassets; sourceTree = "<group>"; };
		330D3F9E2C3ADF0E005CC4B0 /* Preview Assets.xcassets */ = {isa = PBXFileReference; lastKnownFileType = folder.assetcatalog; path = "Preview Assets.xcassets"; sourceTree = "<group>"; };
		330D3FA42C3ADF0E005CC4B0 /* MVVM+CleanArchitectureTests.xctest */ = {isa = PBXFileReference; explicitFileType = wrapper.cfbundle; includeInIndex = 0; path = "MVVM+CleanArchitectureTests.xctest"; sourceTree = BUILT_PRODUCTS_DIR; };
		330D3FA82C3ADF0E005CC4B0 /* MVVM_CleanArchitectureTests.swift */ = {isa = PBXFileReference; lastKnownFileType = sourcecode.swift; path = MVVM_CleanArchitectureTests.swift; sourceTree = "<group>"; };
		330D3FAE2C3ADF0E005CC4B0 /* MVVM+CleanArchitectureUITests.xctest */ = {isa = PBXFileReference; explicitFileType = wrapper.cfbundle; includeInIndex = 0; path = "MVVM+CleanArchitectureUITests.xctest"; sourceTree = BUILT_PRODUCTS_DIR; };
		330D3FB22C3ADF0E005CC4B0 /* MVVM_CleanArchitectureUITests.swift */ = {isa = PBXFileReference; lastKnownFileType = sourcecode.swift; path = MVVM_CleanArchitectureUITests.swift; sourceTree = "<group>"; };
		330D3FB42C3ADF0E005CC4B0 /* MVVM_CleanArchitectureUITestsLaunchTests.swift */ = {isa = PBXFileReference; lastKnownFileType = sourcecode.swift; path = MVVM_CleanArchitectureUITestsLaunchTests.swift; sourceTree = "<group>"; };
		330D3FC32C3ADF29005CC4B0 /* UserRepository.swift */ = {isa = PBXFileReference; fileEncoding = 4; lastKnownFileType = sourcecode.swift; path = UserRepository.swift; sourceTree = "<group>"; };
		330D3FC52C3ADF29005CC4B0 /* User.swift */ = {isa = PBXFileReference; fileEncoding = 4; lastKnownFileType = sourcecode.swift; path = User.swift; sourceTree = "<group>"; };
		330D3FCA2C3ADF31005CC4B0 /* APIService.swift */ = {isa = PBXFileReference; fileEncoding = 4; lastKnownFileType = sourcecode.swift; path = APIService.swift; sourceTree = "<group>"; };
		330D3FCB2C3ADF31005CC4B0 /* APIConfig.swift */ = {isa = PBXFileReference; fileEncoding = 4; lastKnownFileType = sourcecode.swift; path = APIConfig.swift; sourceTree = "<group>"; };
		330D3FCD2C3ADF31005CC4B0 /* UserRepositoryImpl.swift */ = {isa = PBXFileReference; fileEncoding = 4; lastKnownFileType = sourcecode.swift; path = UserRepositoryImpl.swift; sourceTree = "<group>"; };
		330D3FD32C3ADF38005CC4B0 /* UserViewModel.swift */ = {isa = PBXFileReference; fileEncoding = 4; lastKnownFileType = sourcecode.swift; path = UserViewModel.swift; sourceTree = "<group>"; };
		330D3FD52C3ADF38005CC4B0 /* UserView.swift */ = {isa = PBXFileReference; fileEncoding = 4; lastKnownFileType = sourcecode.swift; path = UserView.swift; sourceTree = "<group>"; };
		330D3FE12C3D3774005CC4B0 /* FetchUsersUseCase.swift */ = {isa = PBXFileReference; lastKnownFileType = sourcecode.swift; path = FetchUsersUseCase.swift; sourceTree = "<group>"; };
		330D3FE42C3ED2D8005CC4B0 /* UserFetchDelegate.swift */ = {isa = PBXFileReference; lastKnownFileType = sourcecode.swift; path = UserFetchDelegate.swift; sourceTree = "<group>"; };
		330D3FE62C3ED365005CC4B0 /* UserDetailView.swift */ = {isa = PBXFileReference; lastKnownFileType = sourcecode.swift; path = UserDetailView.swift; sourceTree = "<group>"; };
		330D3FE92C3ED45C005CC4B0 /* UserCoordinator.swift */ = {isa = PBXFileReference; lastKnownFileType = sourcecode.swift; path = UserCoordinator.swift; sourceTree = "<group>"; };
		330D40282C4F34AF005CC4B0 /* MockUserRepository.swift */ = {isa = PBXFileReference; lastKnownFileType = sourcecode.swift; path = MockUserRepository.swift; sourceTree = "<group>"; };
		330D402A2C4F34DF005CC4B0 /* MockFetchUsersUseCase.swift */ = {isa = PBXFileReference; lastKnownFileType = sourcecode.swift; path = MockFetchUsersUseCase.swift; sourceTree = "<group>"; };
		330D402C2C4F3574005CC4B0 /* UserViewModelTests.swift */ = {isa = PBXFileReference; lastKnownFileType = sourcecode.swift; path = UserViewModelTests.swift; sourceTree = "<group>"; };
		330D402F2C4F35D0005CC4B0 /* MockUserFetchDelegate.swift */ = {isa = PBXFileReference; lastKnownFileType = sourcecode.swift; path = MockUserFetchDelegate.swift; sourceTree = "<group>"; };
		33B19FA02C5DBCF600E69827 /* MyDataModel.xcdatamodel */ = {isa = PBXFileReference; lastKnownFileType = wrapper.xcdatamodel; path = MyDataModel.xcdatamodel; sourceTree = "<group>"; };
		33B19FA22C5DBD3A00E69827 /* CoreDataStack.swift */ = {isa = PBXFileReference; lastKnownFileType = sourcecode.swift; path = CoreDataStack.swift; sourceTree = "<group>"; };
		33B19FB22C5E1F0500E69827 /* UserDataEntity+CoreDataClass.swift */ = {isa = PBXFileReference; lastKnownFileType = sourcecode.swift; path = "UserDataEntity+CoreDataClass.swift"; sourceTree = "<group>"; };
		33B19FB32C5E1F0500E69827 /* UserDataEntity+CoreDataProperties.swift */ = {isa = PBXFileReference; lastKnownFileType = sourcecode.swift; path = "UserDataEntity+CoreDataProperties.swift"; sourceTree = "<group>"; };
		33B19FB62C5E1F9000E69827 /* CoreDataUserRepository.swift */ = {isa = PBXFileReference; lastKnownFileType = sourcecode.swift; path = CoreDataUserRepository.swift; sourceTree = "<group>"; };
/* End PBXFileReference section */

/* Begin PBXFrameworksBuildPhase section */
		330D3F912C3ADF0C005CC4B0 /* Frameworks */ = {
			isa = PBXFrameworksBuildPhase;
			buildActionMask = 2147483647;
			files = (
				330D3FDD2C3ADF8A005CC4B0 /* Alamofire in Frameworks */,
				330D3FDF2C3ADF8A005CC4B0 /* AlamofireDynamic in Frameworks */,
			);
			runOnlyForDeploymentPostprocessing = 0;
		};
		330D3FA12C3ADF0E005CC4B0 /* Frameworks */ = {
			isa = PBXFrameworksBuildPhase;
			buildActionMask = 2147483647;
			files = (
			);
			runOnlyForDeploymentPostprocessing = 0;
		};
		330D3FAB2C3ADF0E005CC4B0 /* Frameworks */ = {
			isa = PBXFrameworksBuildPhase;
			buildActionMask = 2147483647;
			files = (
			);
			runOnlyForDeploymentPostprocessing = 0;
		};
/* End PBXFrameworksBuildPhase section */

/* Begin PBXGroup section */
		330D3F8B2C3ADF0B005CC4B0 = {
			isa = PBXGroup;
			children = (
				330D3F962C3ADF0C005CC4B0 /* MVVM+CleanArchitecture */,
				330D3FA72C3ADF0E005CC4B0 /* MVVM+CleanArchitectureTests */,
				330D3FB12C3ADF0E005CC4B0 /* MVVM+CleanArchitectureUITests */,
				330D3F952C3ADF0C005CC4B0 /* Products */,
			);
			sourceTree = "<group>";
		};
		330D3F952C3ADF0C005CC4B0 /* Products */ = {
			isa = PBXGroup;
			children = (
				330D3F942C3ADF0C005CC4B0 /* MVVM+CleanArchitecture.app */,
				330D3FA42C3ADF0E005CC4B0 /* MVVM+CleanArchitectureTests.xctest */,
				330D3FAE2C3ADF0E005CC4B0 /* MVVM+CleanArchitectureUITests.xctest */,
			);
			name = Products;
			sourceTree = "<group>";
		};
		330D3F962C3ADF0C005CC4B0 /* MVVM+CleanArchitecture */ = {
			isa = PBXGroup;
			children = (
				33B19F9E2C5DBCCA00E69827 /* CoreData */,
				330D3FC12C3ADF29005CC4B0 /* Domain */,
				330D3FC82C3ADF31005CC4B0 /* Data */,
				330D3FD12C3ADF38005CC4B0 /* Presentation */,
				330D3F972C3ADF0C005CC4B0 /* MVVM_CleanArchitectureApp.swift */,
				330D3F992C3ADF0C005CC4B0 /* ContentView.swift */,
				330D3F9B2C3ADF0E005CC4B0 /* Assets.xcassets */,
				330D3F9D2C3ADF0E005CC4B0 /* Preview Content */,
			);
			path = "MVVM+CleanArchitecture";
			sourceTree = "<group>";
		};
		330D3F9D2C3ADF0E005CC4B0 /* Preview Content */ = {
			isa = PBXGroup;
			children = (
				330D3F9E2C3ADF0E005CC4B0 /* Preview Assets.xcassets */,
			);
			path = "Preview Content";
			sourceTree = "<group>";
		};
		330D3FA72C3ADF0E005CC4B0 /* MVVM+CleanArchitectureTests */ = {
			isa = PBXGroup;
			children = (
				330D402E2C4F35B8005CC4B0 /* MockTest */,
				330D3FA82C3ADF0E005CC4B0 /* MVVM_CleanArchitectureTests.swift */,
				330D402C2C4F3574005CC4B0 /* UserViewModelTests.swift */,
			);
			path = "MVVM+CleanArchitectureTests";
			sourceTree = "<group>";
		};
		330D3FB12C3ADF0E005CC4B0 /* MVVM+CleanArchitectureUITests */ = {
			isa = PBXGroup;
			children = (
				330D3FB22C3ADF0E005CC4B0 /* MVVM_CleanArchitectureUITests.swift */,
				330D3FB42C3ADF0E005CC4B0 /* MVVM_CleanArchitectureUITestsLaunchTests.swift */,
			);
			path = "MVVM+CleanArchitectureUITests";
			sourceTree = "<group>";
		};
		330D3FC12C3ADF29005CC4B0 /* Domain */ = {
			isa = PBXGroup;
			children = (
				330D3FE32C3ED2B0005CC4B0 /* Protocols */,
				330D3FE02C3D3753005CC4B0 /* UseCases */,
				330D3FC22C3ADF29005CC4B0 /* Repositories */,
				330D3FC42C3ADF29005CC4B0 /* Entities */,
			);
			path = Domain;
			sourceTree = "<group>";
		};
		330D3FC22C3ADF29005CC4B0 /* Repositories */ = {
			isa = PBXGroup;
			children = (
				330D3FC32C3ADF29005CC4B0 /* UserRepository.swift */,
			);
			path = Repositories;
			sourceTree = "<group>";
		};
		330D3FC42C3ADF29005CC4B0 /* Entities */ = {
			isa = PBXGroup;
			children = (
				330D3FC52C3ADF29005CC4B0 /* User.swift */,
			);
			path = Entities;
			sourceTree = "<group>";
		};
		330D3FC82C3ADF31005CC4B0 /* Data */ = {
			isa = PBXGroup;
			children = (
				330D3FC92C3ADF31005CC4B0 /* Network */,
				330D3FCC2C3ADF31005CC4B0 /* Repositories */,
			);
			path = Data;
			sourceTree = "<group>";
		};
		330D3FC92C3ADF31005CC4B0 /* Network */ = {
			isa = PBXGroup;
			children = (
				330D3FCA2C3ADF31005CC4B0 /* APIService.swift */,
				330D3FCB2C3ADF31005CC4B0 /* APIConfig.swift */,
			);
			path = Network;
			sourceTree = "<group>";
		};
		330D3FCC2C3ADF31005CC4B0 /* Repositories */ = {
			isa = PBXGroup;
			children = (
				330D3FCD2C3ADF31005CC4B0 /* UserRepositoryImpl.swift */,
			);
			path = Repositories;
			sourceTree = "<group>";
		};
		330D3FD12C3ADF38005CC4B0 /* Presentation */ = {
			isa = PBXGroup;
			children = (
				330D3FE82C3ED43A005CC4B0 /* Coordinators */,
				330D3FD22C3ADF38005CC4B0 /* ViewModels */,
				330D3FD42C3ADF38005CC4B0 /* Views */,
			);
			path = Presentation;
			sourceTree = "<group>";
		};
		330D3FD22C3ADF38005CC4B0 /* ViewModels */ = {
			isa = PBXGroup;
			children = (
				330D3FD32C3ADF38005CC4B0 /* UserViewModel.swift */,
			);
			path = ViewModels;
			sourceTree = "<group>";
		};
		330D3FD42C3ADF38005CC4B0 /* Views */ = {
			isa = PBXGroup;
			children = (
				330D3FD52C3ADF38005CC4B0 /* UserView.swift */,
				330D3FE62C3ED365005CC4B0 /* UserDetailView.swift */,
			);
			path = Views;
			sourceTree = "<group>";
		};
		330D3FE02C3D3753005CC4B0 /* UseCases */ = {
			isa = PBXGroup;
			children = (
				330D3FE12C3D3774005CC4B0 /* FetchUsersUseCase.swift */,
			);
			path = UseCases;
			sourceTree = "<group>";
		};
		330D3FE32C3ED2B0005CC4B0 /* Protocols */ = {
			isa = PBXGroup;
			children = (
				330D3FE42C3ED2D8005CC4B0 /* UserFetchDelegate.swift */,
			);
			path = Protocols;
			sourceTree = "<group>";
		};
		330D3FE82C3ED43A005CC4B0 /* Coordinators */ = {
			isa = PBXGroup;
			children = (
				330D3FE92C3ED45C005CC4B0 /* UserCoordinator.swift */,
			);
			path = Coordinators;
			sourceTree = "<group>";
		};
		330D402E2C4F35B8005CC4B0 /* MockTest */ = {
			isa = PBXGroup;
			children = (
				330D40342C4F36A1005CC4B0 /* UseCases */,
				330D40332C4F3694005CC4B0 /* Repositories */,
				330D402F2C4F35D0005CC4B0 /* MockUserFetchDelegate.swift */,
			);
			path = MockTest;
			sourceTree = "<group>";
		};
		330D40332C4F3694005CC4B0 /* Repositories */ = {
			isa = PBXGroup;
			children = (
				330D40282C4F34AF005CC4B0 /* MockUserRepository.swift */,
			);
			path = Repositories;
			sourceTree = "<group>";
		};
		330D40342C4F36A1005CC4B0 /* UseCases */ = {
			isa = PBXGroup;
			children = (
				330D402A2C4F34DF005CC4B0 /* MockFetchUsersUseCase.swift */,
			);
			path = UseCases;
			sourceTree = "<group>";
		};
		33B19F9E2C5DBCCA00E69827 /* CoreData */ = {
			isa = PBXGroup;
			children = (
				33B19FB82C5E214900E69827 /* Model */,
				33B19FA22C5DBD3A00E69827 /* CoreDataStack.swift */,
				33B19FB92C5E216C00E69827 /* Repositories */,
			);
			path = CoreData;
			sourceTree = "<group>";
		};
		33B19FB82C5E214900E69827 /* Model */ = {
			isa = PBXGroup;
			children = (
				33B19FB22C5E1F0500E69827 /* UserDataEntity+CoreDataClass.swift */,
				33B19FB32C5E1F0500E69827 /* UserDataEntity+CoreDataProperties.swift */,
				33B19F9F2C5DBCF600E69827 /* MyDataModel.xcdatamodeld */,
			);
			path = Model;
			sourceTree = "<group>";
		};
		33B19FB92C5E216C00E69827 /* Repositories */ = {
			isa = PBXGroup;
			children = (
				33B19FB62C5E1F9000E69827 /* CoreDataUserRepository.swift */,
			);
			path = Repositories;
			sourceTree = "<group>";
		};
/* End PBXGroup section */

/* Begin PBXNativeTarget section */
		330D3F932C3ADF0C005CC4B0 /* MVVM+CleanArchitecture */ = {
			isa = PBXNativeTarget;
			buildConfigurationList = 330D3FB82C3ADF0E005CC4B0 /* Build configuration list for PBXNativeTarget "MVVM+CleanArchitecture" */;
			buildPhases = (
				330D3F902C3ADF0C005CC4B0 /* Sources */,
				330D3F912C3ADF0C005CC4B0 /* Frameworks */,
				330D3F922C3ADF0C005CC4B0 /* Resources */,
			);
			buildRules = (
			);
			dependencies = (
			);
			name = "MVVM+CleanArchitecture";
			packageProductDependencies = (
				330D3FDC2C3ADF8A005CC4B0 /* Alamofire */,
				330D3FDE2C3ADF8A005CC4B0 /* AlamofireDynamic */,
			);
			productName = "MVVM+CleanArchitecture";
			productReference = 330D3F942C3ADF0C005CC4B0 /* MVVM+CleanArchitecture.app */;
			productType = "com.apple.product-type.application";
		};
		330D3FA32C3ADF0E005CC4B0 /* MVVM+CleanArchitectureTests */ = {
			isa = PBXNativeTarget;
			buildConfigurationList = 330D3FBB2C3ADF0E005CC4B0 /* Build configuration list for PBXNativeTarget "MVVM+CleanArchitectureTests" */;
			buildPhases = (
				330D3FA02C3ADF0E005CC4B0 /* Sources */,
				330D3FA12C3ADF0E005CC4B0 /* Frameworks */,
				330D3FA22C3ADF0E005CC4B0 /* Resources */,
			);
			buildRules = (
			);
			dependencies = (
				330D3FA62C3ADF0E005CC4B0 /* PBXTargetDependency */,
			);
			name = "MVVM+CleanArchitectureTests";
			productName = "MVVM+CleanArchitectureTests";
			productReference = 330D3FA42C3ADF0E005CC4B0 /* MVVM+CleanArchitectureTests.xctest */;
			productType = "com.apple.product-type.bundle.unit-test";
		};
		330D3FAD2C3ADF0E005CC4B0 /* MVVM+CleanArchitectureUITests */ = {
			isa = PBXNativeTarget;
			buildConfigurationList = 330D3FBE2C3ADF0E005CC4B0 /* Build configuration list for PBXNativeTarget "MVVM+CleanArchitectureUITests" */;
			buildPhases = (
				330D3FAA2C3ADF0E005CC4B0 /* Sources */,
				330D3FAB2C3ADF0E005CC4B0 /* Frameworks */,
				330D3FAC2C3ADF0E005CC4B0 /* Resources */,
			);
			buildRules = (
			);
			dependencies = (
				330D3FB02C3ADF0E005CC4B0 /* PBXTargetDependency */,
			);
			name = "MVVM+CleanArchitectureUITests";
			productName = "MVVM+CleanArchitectureUITests";
			productReference = 330D3FAE2C3ADF0E005CC4B0 /* MVVM+CleanArchitectureUITests.xctest */;
			productType = "com.apple.product-type.bundle.ui-testing";
		};
/* End PBXNativeTarget section */

/* Begin PBXProject section */
		330D3F8C2C3ADF0B005CC4B0 /* Project object */ = {
			isa = PBXProject;
			attributes = {
				BuildIndependentTargetsInParallel = 1;
				LastSwiftUpdateCheck = 1510;
				LastUpgradeCheck = 1510;
				TargetAttributes = {
					330D3F932C3ADF0C005CC4B0 = {
						CreatedOnToolsVersion = 15.1;
					};
					330D3FA32C3ADF0E005CC4B0 = {
						CreatedOnToolsVersion = 15.1;
						TestTargetID = 330D3F932C3ADF0C005CC4B0;
					};
					330D3FAD2C3ADF0E005CC4B0 = {
						CreatedOnToolsVersion = 15.1;
						TestTargetID = 330D3F932C3ADF0C005CC4B0;
					};
				};
			};
			buildConfigurationList = 330D3F8F2C3ADF0B005CC4B0 /* Build configuration list for PBXProject "MVVM+CleanArchitecture" */;
			compatibilityVersion = "Xcode 14.0";
			developmentRegion = en;
			hasScannedForEncodings = 0;
			knownRegions = (
				en,
				Base,
			);
			mainGroup = 330D3F8B2C3ADF0B005CC4B0;
			packageReferences = (
				330D3FDB2C3ADF8A005CC4B0 /* XCRemoteSwiftPackageReference "Alamofire" */,
			);
			productRefGroup = 330D3F952C3ADF0C005CC4B0 /* Products */;
			projectDirPath = "";
			projectRoot = "";
			targets = (
				330D3F932C3ADF0C005CC4B0 /* MVVM+CleanArchitecture */,
				330D3FA32C3ADF0E005CC4B0 /* MVVM+CleanArchitectureTests */,
				330D3FAD2C3ADF0E005CC4B0 /* MVVM+CleanArchitectureUITests */,
			);
		};
/* End PBXProject section */

/* Begin PBXResourcesBuildPhase section */
		330D3F922C3ADF0C005CC4B0 /* Resources */ = {
			isa = PBXResourcesBuildPhase;
			buildActionMask = 2147483647;
			files = (
				330D3F9F2C3ADF0E005CC4B0 /* Preview Assets.xcassets in Resources */,
				330D3F9C2C3ADF0E005CC4B0 /* Assets.xcassets in Resources */,
			);
			runOnlyForDeploymentPostprocessing = 0;
		};
		330D3FA22C3ADF0E005CC4B0 /* Resources */ = {
			isa = PBXResourcesBuildPhase;
			buildActionMask = 2147483647;
			files = (
			);
			runOnlyForDeploymentPostprocessing = 0;
		};
		330D3FAC2C3ADF0E005CC4B0 /* Resources */ = {
			isa = PBXResourcesBuildPhase;
			buildActionMask = 2147483647;
			files = (
			);
			runOnlyForDeploymentPostprocessing = 0;
		};
/* End PBXResourcesBuildPhase section */

/* Begin PBXSourcesBuildPhase section */
		330D3F902C3ADF0C005CC4B0 /* Sources */ = {
			isa = PBXSourcesBuildPhase;
			buildActionMask = 2147483647;
			files = (
				33B19FA32C5DBD3A00E69827 /* CoreDataStack.swift in Sources */,
				330D3FC72C3ADF29005CC4B0 /* User.swift in Sources */,
				330D3FD62C3ADF38005CC4B0 /* UserViewModel.swift in Sources */,
				33B19FB42C5E1F0500E69827 /* UserDataEntity+CoreDataClass.swift in Sources */,
				330D3FCE2C3ADF31005CC4B0 /* APIService.swift in Sources */,
				330D3FE52C3ED2D8005CC4B0 /* UserFetchDelegate.swift in Sources */,
				330D3FE72C3ED365005CC4B0 /* UserDetailView.swift in Sources */,
				33B19FB72C5E1F9000E69827 /* CoreDataUserRepository.swift in Sources */,
				330D3FEA2C3ED45C005CC4B0 /* UserCoordinator.swift in Sources */,
				330D3FD02C3ADF31005CC4B0 /* UserRepositoryImpl.swift in Sources */,
				330D3FCF2C3ADF31005CC4B0 /* APIConfig.swift in Sources */,
				330D3F9A2C3ADF0C005CC4B0 /* ContentView.swift in Sources */,
				330D3F982C3ADF0C005CC4B0 /* MVVM_CleanArchitectureApp.swift in Sources */,
				330D3FE22C3D3774005CC4B0 /* FetchUsersUseCase.swift in Sources */,
				33B19FA12C5DBCF600E69827 /* MyDataModel.xcdatamodeld in Sources */,
				330D3FD72C3ADF38005CC4B0 /* UserView.swift in Sources */,
				330D3FC62C3ADF29005CC4B0 /* UserRepository.swift in Sources */,
				33B19FB52C5E1F0500E69827 /* UserDataEntity+CoreDataProperties.swift in Sources */,
			);
			runOnlyForDeploymentPostprocessing = 0;
		};
		330D3FA02C3ADF0E005CC4B0 /* Sources */ = {
			isa = PBXSourcesBuildPhase;
			buildActionMask = 2147483647;
			files = (
				330D40312C4F3659005CC4B0 /* MockUserRepository.swift in Sources */,
				330D40302C4F35D0005CC4B0 /* MockUserFetchDelegate.swift in Sources */,
				330D3FA92C3ADF0E005CC4B0 /* MVVM_CleanArchitectureTests.swift in Sources */,
				330D402D2C4F3574005CC4B0 /* UserViewModelTests.swift in Sources */,
				330D40322C4F365E005CC4B0 /* MockFetchUsersUseCase.swift in Sources */,
			);
			runOnlyForDeploymentPostprocessing = 0;
		};
		330D3FAA2C3ADF0E005CC4B0 /* Sources */ = {
			isa = PBXSourcesBuildPhase;
			buildActionMask = 2147483647;
			files = (
				330D3FB32C3ADF0E005CC4B0 /* MVVM_CleanArchitectureUITests.swift in Sources */,
				330D3FB52C3ADF0E005CC4B0 /* MVVM_CleanArchitectureUITestsLaunchTests.swift in Sources */,
			);
			runOnlyForDeploymentPostprocessing = 0;
		};
/* End PBXSourcesBuildPhase section */

/* Begin PBXTargetDependency section */
		330D3FA62C3ADF0E005CC4B0 /* PBXTargetDependency */ = {
			isa = PBXTargetDependency;
			target = 330D3F932C3ADF0C005CC4B0 /* MVVM+CleanArchitecture */;
			targetProxy = 330D3FA52C3ADF0E005CC4B0 /* PBXContainerItemProxy */;
		};
		330D3FB02C3ADF0E005CC4B0 /* PBXTargetDependency */ = {
			isa = PBXTargetDependency;
			target = 330D3F932C3ADF0C005CC4B0 /* MVVM+CleanArchitecture */;
			targetProxy = 330D3FAF2C3ADF0E005CC4B0 /* PBXContainerItemProxy */;
		};
/* End PBXTargetDependency section */

/* Begin XCBuildConfiguration section */
		330D3FB62C3ADF0E005CC4B0 /* Debug */ = {
			isa = XCBuildConfiguration;
			buildSettings = {
				ALWAYS_SEARCH_USER_PATHS = NO;
				ASSETCATALOG_COMPILER_GENERATE_SWIFT_ASSET_SYMBOL_EXTENSIONS = YES;
				CLANG_ANALYZER_NONNULL = YES;
				CLANG_ANALYZER_NUMBER_OBJECT_CONVERSION = YES_AGGRESSIVE;
				CLANG_CXX_LANGUAGE_STANDARD = "gnu++20";
				CLANG_ENABLE_MODULES = YES;
				CLANG_ENABLE_OBJC_ARC = YES;
				CLANG_ENABLE_OBJC_WEAK = YES;
				CLANG_WARN_BLOCK_CAPTURE_AUTORELEASING = YES;
				CLANG_WARN_BOOL_CONVERSION = YES;
				CLANG_WARN_COMMA = YES;
				CLANG_WARN_CONSTANT_CONVERSION = YES;
				CLANG_WARN_DEPRECATED_OBJC_IMPLEMENTATIONS = YES;
				CLANG_WARN_DIRECT_OBJC_ISA_USAGE = YES_ERROR;
				CLANG_WARN_DOCUMENTATION_COMMENTS = YES;
				CLANG_WARN_EMPTY_BODY = YES;
				CLANG_WARN_ENUM_CONVERSION = YES;
				CLANG_WARN_INFINITE_RECURSION = YES;
				CLANG_WARN_INT_CONVERSION = YES;
				CLANG_WARN_NON_LITERAL_NULL_CONVERSION = YES;
				CLANG_WARN_OBJC_IMPLICIT_RETAIN_SELF = YES;
				CLANG_WARN_OBJC_LITERAL_CONVERSION = YES;
				CLANG_WARN_OBJC_ROOT_CLASS = YES_ERROR;
				CLANG_WARN_QUOTED_INCLUDE_IN_FRAMEWORK_HEADER = YES;
				CLANG_WARN_RANGE_LOOP_ANALYSIS = YES;
				CLANG_WARN_STRICT_PROTOTYPES = YES;
				CLANG_WARN_SUSPICIOUS_MOVE = YES;
				CLANG_WARN_UNGUARDED_AVAILABILITY = YES_AGGRESSIVE;
				CLANG_WARN_UNREACHABLE_CODE = YES;
				CLANG_WARN__DUPLICATE_METHOD_MATCH = YES;
				COPY_PHASE_STRIP = NO;
				DEBUG_INFORMATION_FORMAT = dwarf;
				ENABLE_STRICT_OBJC_MSGSEND = YES;
				ENABLE_TESTABILITY = YES;
				ENABLE_USER_SCRIPT_SANDBOXING = YES;
				GCC_C_LANGUAGE_STANDARD = gnu17;
				GCC_DYNAMIC_NO_PIC = NO;
				GCC_NO_COMMON_BLOCKS = YES;
				GCC_OPTIMIZATION_LEVEL = 0;
				GCC_PREPROCESSOR_DEFINITIONS = (
					"DEBUG=1",
					"$(inherited)",
				);
				GCC_WARN_64_TO_32_BIT_CONVERSION = YES;
				GCC_WARN_ABOUT_RETURN_TYPE = YES_ERROR;
				GCC_WARN_UNDECLARED_SELECTOR = YES;
				GCC_WARN_UNINITIALIZED_AUTOS = YES_AGGRESSIVE;
				GCC_WARN_UNUSED_FUNCTION = YES;
				GCC_WARN_UNUSED_VARIABLE = YES;
				IPHONEOS_DEPLOYMENT_TARGET = 17.2;
				LOCALIZATION_PREFERS_STRING_CATALOGS = YES;
				MTL_ENABLE_DEBUG_INFO = INCLUDE_SOURCE;
				MTL_FAST_MATH = YES;
				ONLY_ACTIVE_ARCH = YES;
				SDKROOT = iphoneos;
				SWIFT_ACTIVE_COMPILATION_CONDITIONS = "DEBUG $(inherited)";
				SWIFT_OPTIMIZATION_LEVEL = "-Onone";
			};
			name = Debug;
		};
		330D3FB72C3ADF0E005CC4B0 /* Release */ = {
			isa = XCBuildConfiguration;
			buildSettings = {
				ALWAYS_SEARCH_USER_PATHS = NO;
				ASSETCATALOG_COMPILER_GENERATE_SWIFT_ASSET_SYMBOL_EXTENSIONS = YES;
				CLANG_ANALYZER_NONNULL = YES;
				CLANG_ANALYZER_NUMBER_OBJECT_CONVERSION = YES_AGGRESSIVE;
				CLANG_CXX_LANGUAGE_STANDARD = "gnu++20";
				CLANG_ENABLE_MODULES = YES;
				CLANG_ENABLE_OBJC_ARC = YES;
				CLANG_ENABLE_OBJC_WEAK = YES;
				CLANG_WARN_BLOCK_CAPTURE_AUTORELEASING = YES;
				CLANG_WARN_BOOL_CONVERSION = YES;
				CLANG_WARN_COMMA = YES;
				CLANG_WARN_CONSTANT_CONVERSION = YES;
				CLANG_WARN_DEPRECATED_OBJC_IMPLEMENTATIONS = YES;
				CLANG_WARN_DIRECT_OBJC_ISA_USAGE = YES_ERROR;
				CLANG_WARN_DOCUMENTATION_COMMENTS = YES;
				CLANG_WARN_EMPTY_BODY = YES;
				CLANG_WARN_ENUM_CONVERSION = YES;
				CLANG_WARN_INFINITE_RECURSION = YES;
				CLANG_WARN_INT_CONVERSION = YES;
				CLANG_WARN_NON_LITERAL_NULL_CONVERSION = YES;
				CLANG_WARN_OBJC_IMPLICIT_RETAIN_SELF = YES;
				CLANG_WARN_OBJC_LITERAL_CONVERSION = YES;
				CLANG_WARN_OBJC_ROOT_CLASS = YES_ERROR;
				CLANG_WARN_QUOTED_INCLUDE_IN_FRAMEWORK_HEADER = YES;
				CLANG_WARN_RANGE_LOOP_ANALYSIS = YES;
				CLANG_WARN_STRICT_PROTOTYPES = YES;
				CLANG_WARN_SUSPICIOUS_MOVE = YES;
				CLANG_WARN_UNGUARDED_AVAILABILITY = YES_AGGRESSIVE;
				CLANG_WARN_UNREACHABLE_CODE = YES;
				CLANG_WARN__DUPLICATE_METHOD_MATCH = YES;
				COPY_PHASE_STRIP = NO;
				DEBUG_INFORMATION_FORMAT = "dwarf-with-dsym";
				ENABLE_NS_ASSERTIONS = NO;
				ENABLE_STRICT_OBJC_MSGSEND = YES;
				ENABLE_USER_SCRIPT_SANDBOXING = YES;
				GCC_C_LANGUAGE_STANDARD = gnu17;
				GCC_NO_COMMON_BLOCKS = YES;
				GCC_WARN_64_TO_32_BIT_CONVERSION = YES;
				GCC_WARN_ABOUT_RETURN_TYPE = YES_ERROR;
				GCC_WARN_UNDECLARED_SELECTOR = YES;
				GCC_WARN_UNINITIALIZED_AUTOS = YES_AGGRESSIVE;
				GCC_WARN_UNUSED_FUNCTION = YES;
				GCC_WARN_UNUSED_VARIABLE = YES;
				IPHONEOS_DEPLOYMENT_TARGET = 17.2;
				LOCALIZATION_PREFERS_STRING_CATALOGS = YES;
				MTL_ENABLE_DEBUG_INFO = NO;
				MTL_FAST_MATH = YES;
				SDKROOT = iphoneos;
				SWIFT_COMPILATION_MODE = wholemodule;
				VALIDATE_PRODUCT = YES;
			};
			name = Release;
		};
		330D3FB92C3ADF0E005CC4B0 /* Debug */ = {
			isa = XCBuildConfiguration;
			buildSettings = {
				ASSETCATALOG_COMPILER_APPICON_NAME = AppIcon;
				ASSETCATALOG_COMPILER_GLOBAL_ACCENT_COLOR_NAME = AccentColor;
				CODE_SIGN_STYLE = Automatic;
				CURRENT_PROJECT_VERSION = 1;
				DEVELOPMENT_ASSET_PATHS = "\"MVVM+CleanArchitecture/Preview Content\"";
				ENABLE_PREVIEWS = YES;
				GENERATE_INFOPLIST_FILE = YES;
				INFOPLIST_KEY_UIApplicationSceneManifest_Generation = YES;
				INFOPLIST_KEY_UIApplicationSupportsIndirectInputEvents = YES;
				INFOPLIST_KEY_UILaunchScreen_Generation = YES;
				INFOPLIST_KEY_UISupportedInterfaceOrientations_iPad = "UIInterfaceOrientationPortrait UIInterfaceOrientationPortraitUpsideDown UIInterfaceOrientationLandscapeLeft UIInterfaceOrientationLandscapeRight";
				INFOPLIST_KEY_UISupportedInterfaceOrientations_iPhone = "UIInterfaceOrientationPortrait UIInterfaceOrientationLandscapeLeft UIInterfaceOrientationLandscapeRight";
				LD_RUNPATH_SEARCH_PATHS = (
					"$(inherited)",
					"@executable_path/Frameworks",
				);
				MARKETING_VERSION = 1.0;
				PRODUCT_BUNDLE_IDENTIFIER = "com.ArunaUdayanga.MVVM-CleanArchitecture";
				PRODUCT_NAME = "$(TARGET_NAME)";
				SWIFT_EMIT_LOC_STRINGS = YES;
				SWIFT_VERSION = 5.0;
				TARGETED_DEVICE_FAMILY = "1,2";
			};
			name = Debug;
		};
		330D3FBA2C3ADF0E005CC4B0 /* Release */ = {
			isa = XCBuildConfiguration;
			buildSettings = {
				ASSETCATALOG_COMPILER_APPICON_NAME = AppIcon;
				ASSETCATALOG_COMPILER_GLOBAL_ACCENT_COLOR_NAME = AccentColor;
				CODE_SIGN_STYLE = Automatic;
				CURRENT_PROJECT_VERSION = 1;
				DEVELOPMENT_ASSET_PATHS = "\"MVVM+CleanArchitecture/Preview Content\"";
				ENABLE_PREVIEWS = YES;
				GENERATE_INFOPLIST_FILE = YES;
				INFOPLIST_KEY_UIApplicationSceneManifest_Generation = YES;
				INFOPLIST_KEY_UIApplicationSupportsIndirectInputEvents = YES;
				INFOPLIST_KEY_UILaunchScreen_Generation = YES;
				INFOPLIST_KEY_UISupportedInterfaceOrientations_iPad = "UIInterfaceOrientationPortrait UIInterfaceOrientationPortraitUpsideDown UIInterfaceOrientationLandscapeLeft UIInterfaceOrientationLandscapeRight";
				INFOPLIST_KEY_UISupportedInterfaceOrientations_iPhone = "UIInterfaceOrientationPortrait UIInterfaceOrientationLandscapeLeft UIInterfaceOrientationLandscapeRight";
				LD_RUNPATH_SEARCH_PATHS = (
					"$(inherited)",
					"@executable_path/Frameworks",
				);
				MARKETING_VERSION = 1.0;
				PRODUCT_BUNDLE_IDENTIFIER = "com.ArunaUdayanga.MVVM-CleanArchitecture";
				PRODUCT_NAME = "$(TARGET_NAME)";
				SWIFT_EMIT_LOC_STRINGS = YES;
				SWIFT_VERSION = 5.0;
				TARGETED_DEVICE_FAMILY = "1,2";
			};
			name = Release;
		};
		330D3FBC2C3ADF0E005CC4B0 /* Debug */ = {
			isa = XCBuildConfiguration;
			buildSettings = {
				ALWAYS_EMBED_SWIFT_STANDARD_LIBRARIES = YES;
				BUNDLE_LOADER = "$(TEST_HOST)";
				CODE_SIGN_STYLE = Automatic;
				CURRENT_PROJECT_VERSION = 1;
				GENERATE_INFOPLIST_FILE = YES;
				IPHONEOS_DEPLOYMENT_TARGET = 17.2;
				MARKETING_VERSION = 1.0;
				PRODUCT_BUNDLE_IDENTIFIER = "com.ArunaUdayanga.MVVM-CleanArchitectureTests";
				PRODUCT_NAME = "$(TARGET_NAME)";
				SWIFT_EMIT_LOC_STRINGS = NO;
				SWIFT_VERSION = 5.0;
				TARGETED_DEVICE_FAMILY = "1,2";
				TEST_HOST = "$(BUILT_PRODUCTS_DIR)/MVVM+CleanArchitecture.app/$(BUNDLE_EXECUTABLE_FOLDER_PATH)/MVVM+CleanArchitecture";
			};
			name = Debug;
		};
		330D3FBD2C3ADF0E005CC4B0 /* Release */ = {
			isa = XCBuildConfiguration;
			buildSettings = {
				ALWAYS_EMBED_SWIFT_STANDARD_LIBRARIES = YES;
				BUNDLE_LOADER = "$(TEST_HOST)";
				CODE_SIGN_STYLE = Automatic;
				CURRENT_PROJECT_VERSION = 1;
				GENERATE_INFOPLIST_FILE = YES;
				IPHONEOS_DEPLOYMENT_TARGET = 17.2;
				MARKETING_VERSION = 1.0;
				PRODUCT_BUNDLE_IDENTIFIER = "com.ArunaUdayanga.MVVM-CleanArchitectureTests";
				PRODUCT_NAME = "$(TARGET_NAME)";
				SWIFT_EMIT_LOC_STRINGS = NO;
				SWIFT_VERSION = 5.0;
				TARGETED_DEVICE_FAMILY = "1,2";
				TEST_HOST = "$(BUILT_PRODUCTS_DIR)/MVVM+CleanArchitecture.app/$(BUNDLE_EXECUTABLE_FOLDER_PATH)/MVVM+CleanArchitecture";
			};
			name = Release;
		};
		330D3FBF2C3ADF0E005CC4B0 /* Debug */ = {
			isa = XCBuildConfiguration;
			buildSettings = {
				ALWAYS_EMBED_SWIFT_STANDARD_LIBRARIES = YES;
				CODE_SIGN_STYLE = Automatic;
				CURRENT_PROJECT_VERSION = 1;
				GENERATE_INFOPLIST_FILE = YES;
				MARKETING_VERSION = 1.0;
				PRODUCT_BUNDLE_IDENTIFIER = "com.ArunaUdayanga.MVVM-CleanArchitectureUITests";
				PRODUCT_NAME = "$(TARGET_NAME)";
				SWIFT_EMIT_LOC_STRINGS = NO;
				SWIFT_VERSION = 5.0;
				TARGETED_DEVICE_FAMILY = "1,2";
				TEST_TARGET_NAME = "MVVM+CleanArchitecture";
			};
			name = Debug;
		};
		330D3FC02C3ADF0E005CC4B0 /* Release */ = {
			isa = XCBuildConfiguration;
			buildSettings = {
				ALWAYS_EMBED_SWIFT_STANDARD_LIBRARIES = YES;
				CODE_SIGN_STYLE = Automatic;
				CURRENT_PROJECT_VERSION = 1;
				GENERATE_INFOPLIST_FILE = YES;
				MARKETING_VERSION = 1.0;
				PRODUCT_BUNDLE_IDENTIFIER = "com.ArunaUdayanga.MVVM-CleanArchitectureUITests";
				PRODUCT_NAME = "$(TARGET_NAME)";
				SWIFT_EMIT_LOC_STRINGS = NO;
				SWIFT_VERSION = 5.0;
				TARGETED_DEVICE_FAMILY = "1,2";
				TEST_TARGET_NAME = "MVVM+CleanArchitecture";
			};
			name = Release;
		};
/* End XCBuildConfiguration section */

/* Begin XCConfigurationList section */
		330D3F8F2C3ADF0B005CC4B0 /* Build configuration list for PBXProject "MVVM+CleanArchitecture" */ = {
			isa = XCConfigurationList;
			buildConfigurations = (
				330D3FB62C3ADF0E005CC4B0 /* Debug */,
				330D3FB72C3ADF0E005CC4B0 /* Release */,
			);
			defaultConfigurationIsVisible = 0;
			defaultConfigurationName = Release;
		};
		330D3FB82C3ADF0E005CC4B0 /* Build configuration list for PBXNativeTarget "MVVM+CleanArchitecture" */ = {
			isa = XCConfigurationList;
			buildConfigurations = (
				330D3FB92C3ADF0E005CC4B0 /* Debug */,
				330D3FBA2C3ADF0E005CC4B0 /* Release */,
			);
			defaultConfigurationIsVisible = 0;
			defaultConfigurationName = Release;
		};
		330D3FBB2C3ADF0E005CC4B0 /* Build configuration list for PBXNativeTarget "MVVM+CleanArchitectureTests" */ = {
			isa = XCConfigurationList;
			buildConfigurations = (
				330D3FBC2C3ADF0E005CC4B0 /* Debug */,
				330D3FBD2C3ADF0E005CC4B0 /* Release */,
			);
			defaultConfigurationIsVisible = 0;
			defaultConfigurationName = Release;
		};
		330D3FBE2C3ADF0E005CC4B0 /* Build configuration list for PBXNativeTarget "MVVM+CleanArchitectureUITests" */ = {
			isa = XCConfigurationList;
			buildConfigurations = (
				330D3FBF2C3ADF0E005CC4B0 /* Debug */,
				330D3FC02C3ADF0E005CC4B0 /* Release */,
			);
			defaultConfigurationIsVisible = 0;
			defaultConfigurationName = Release;
		};
/* End XCConfigurationList section */

/* Begin XCRemoteSwiftPackageReference section */
		330D3FDB2C3ADF8A005CC4B0 /* XCRemoteSwiftPackageReference "Alamofire" */ = {
			isa = XCRemoteSwiftPackageReference;
			repositoryURL = "https://github.com/Alamofire/Alamofire.git";
			requirement = {
				kind = upToNextMajorVersion;
				minimumVersion = 5.9.1;
			};
		};
/* End XCRemoteSwiftPackageReference section */

/* Begin XCSwiftPackageProductDependency section */
		330D3FDC2C3ADF8A005CC4B0 /* Alamofire */ = {
			isa = XCSwiftPackageProductDependency;
			package = 330D3FDB2C3ADF8A005CC4B0 /* XCRemoteSwiftPackageReference "Alamofire" */;
			productName = Alamofire;
		};
		330D3FDE2C3ADF8A005CC4B0 /* AlamofireDynamic */ = {
			isa = XCSwiftPackageProductDependency;
			package = 330D3FDB2C3ADF8A005CC4B0 /* XCRemoteSwiftPackageReference "Alamofire" */;
			productName = AlamofireDynamic;
		};
/* End XCSwiftPackageProductDependency section */

/* Begin XCVersionGroup section */
		33B19F9F2C5DBCF600E69827 /* MyDataModel.xcdatamodeld */ = {
			isa = XCVersionGroup;
			children = (
				33B19FA02C5DBCF600E69827 /* MyDataModel.xcdatamodel */,
			);
			currentVersion = 33B19FA02C5DBCF600E69827 /* MyDataModel.xcdatamodel */;
			path = MyDataModel.xcdatamodeld;
			sourceTree = "<group>";
			versionGroupType = wrapper.xcdatamodel;
		};
/* End XCVersionGroup section */
	};
	rootObject = 330D3F8C2C3ADF0B005CC4B0 /* Project object */;
}
